
Microsoft Visual Studio Solution File, Format Version 12.00
# Visual Studio Version 16
VisualStudioVersion = 16.0.29306.81
MinimumVisualStudioVersion = 10.0.40219.1
Project("{FAE04EC0-301F-11D3-BF4B-00C04F79EFBC}") = "FA_quiz_nonMVC", "FA_quiz_nonMVC\FA_quiz_nonMVC.csproj", "{6DEB09EA-8DB4-49C8-9DB9-A879514B76A9}"
EndProject
Global
	GlobalSection(SolutionConfigurationPlatforms) = preSolution
		Debug|Any CPU = Debug|Any CPU
		Release|Any CPU = Release|Any CPU
	EndGlobalSection
	GlobalSection(ProjectConfigurationPlatforms) = postSolution
		{6DEB09EA-8DB4-49C8-9DB9-A879514B76A9}.Debug|Any CPU.ActiveCfg = Debug|Any CPU
		{6DEB09EA-8DB4-49C8-9DB9-A879514B76A9}.Debug|Any CPU.Build.0 = Debug|Any CPU
		{6DEB09EA-8DB4-49C8-9DB9-A879514B76A9}.Release|Any CPU.ActiveCfg = Release|Any CPU
		{6DEB09EA-8DB4-49C8-9DB9-A879514B76A9}.Release|Any CPU.Build.0 = Release|Any CPU
	EndGlobalSection
	GlobalSection(SolutionProperties) = preSolution
		HideSolutionNode = FALSE
	EndGlobalSection
	GlobalSection(ExtensibilityGlobals) = postSolution
		SolutionGuid = {3632B818-8A36-4910-8413-8C91C94F3A32}
	EndGlobalSection
EndGlobal
